
Microsoft Visual Studio Solution File, Format Version 12.00
# Visual Studio Version 17
VisualStudioVersion = 17.8.34322.80
MinimumVisualStudioVersion = 10.0.40219.1
Project("{FAE04EC0-301F-11D3-BF4B-00C04F79EFBC}") = "Base.App", "Base.App\Base.App.csproj", "{E65B6D6E-A511-4CD9-A8E2-A106230C2047}"
EndProject
Project("{FAE04EC0-301F-11D3-BF4B-00C04F79EFBC}") = "Base.Test", "Base.Test\Base.Test.csproj", "{78D0E613-943E-4C1C-8EF4-E74A96C8EE0B}"
EndProject
Global
	GlobalSection(SolutionConfigurationPlatforms) = preSolution
		Debug|Any CPU = Debug|Any CPU
		Release|Any CPU = Release|Any CPU
	EndGlobalSection
	GlobalSection(ProjectConfigurationPlatforms) = postSolution
		{E65B6D6E-A511-4CD9-A8E2-A106230C2047}.Debug|Any CPU.ActiveCfg = Debug|Any CPU
		{E65B6D6E-A511-4CD9-A8E2-A106230C2047}.Debug|Any CPU.Build.0 = Debug|Any CPU
		{E65B6D6E-A511-4CD9-A8E2-A106230C2047}.Release|Any CPU.ActiveCfg = Release|Any CPU
		{E65B6D6E-A511-4CD9-A8E2-A106230C2047}.Release|Any CPU.Build.0 = Release|Any CPU
		{78D0E613-943E-4C1C-8EF4-E74A96C8EE0B}.Debug|Any CPU.ActiveCfg = Debug|Any CPU
		{78D0E613-943E-4C1C-8EF4-E74A96C8EE0B}.Debug|Any CPU.Build.0 = Debug|Any CPU
		{78D0E613-943E-4C1C-8EF4-E74A96C8EE0B}.Release|Any CPU.ActiveCfg = Release|Any CPU
		{78D0E613-943E-4C1C-8EF4-E74A96C8EE0B}.Release|Any CPU.Build.0 = Release|Any CPU
	EndGlobalSection
	GlobalSection(SolutionProperties) = preSolution
		HideSolutionNode = FALSE
	EndGlobalSection
	GlobalSection(ExtensibilityGlobals) = postSolution
		SolutionGuid = {074917E5-774F-4982-80B5-E1B90D2DBD2E}
	EndGlobalSection
EndGlobal
